
Microsoft Visual Studio Solution File, Format Version 12.00
# Visual Studio 14
VisualStudioVersion = 14.0.23107.0
MinimumVisualStudioVersion = 10.0.40219.1
Project("{FAE04EC0-301F-11D3-BF4B-00C04F79EFBC}") = "Infrastructure", "Logistics\Infrastructure.csproj", "{6B44CB26-681E-473B-8A44-75AF0717ADE1}"
EndProject
Project("{FAE04EC0-301F-11D3-BF4B-00C04F79EFBC}") = "Application", "Application\Application.csproj", "{D782FE57-B79B-4633-81ED-0DE5F637170C}"
EndProject
Project("{FAE04EC0-301F-11D3-BF4B-00C04F79EFBC}") = "Domain", "Domain\Domain.csproj", "{99F8E93F-828B-42C3-BD14-5F61EB387C7D}"
EndProject
Project("{FAE04EC0-301F-11D3-BF4B-00C04F79EFBC}") = "CommonComponents", "CommonComponents\CommonComponents.csproj", "{0815AA22-E00F-4F62-9737-E85387220FCE}"
EndProject
Project("{2150E333-8FDC-42A3-9474-1A3956D46DE8}") = "Logistics", "Logistics", "{8BD4C5F7-A687-40FB-BE9A-CAD2A600EFDF}"
EndProject
Project("{2150E333-8FDC-42A3-9474-1A3956D46DE8}") = "Tests", "Tests", "{47FA501F-9EDE-4A2E-85D2-3794413C4213}"
EndProject
Project("{2150E333-8FDC-42A3-9474-1A3956D46DE8}") = "ObjectMothers", "ObjectMothers", "{11F869E8-B293-4C07-84DA-4657AF3FE6A9}"
EndProject
Project("{2150E333-8FDC-42A3-9474-1A3956D46DE8}") = "UnitTests", "UnitTests", "{B99A1339-1C9D-4B41-8307-AF9394FBBB51}"
EndProject
Project("{FAE04EC0-301F-11D3-BF4B-00C04F79EFBC}") = "ObjectMothers", "ObjectMothers\ObjectMothers.csproj", "{C8FB97C4-C9D8-4932-8EFE-582B97E1C144}"
EndProject
Project("{FAE04EC0-301F-11D3-BF4B-00C04F79EFBC}") = "Domain.UnitTest", "Domain.UnitTest\Domain.UnitTest.csproj", "{1D138462-56FD-4958-A772-4F6E1E0067E7}"
EndProject
Project("{FAE04EC0-301F-11D3-BF4B-00C04F79EFBC}") = "Application.UnitTests", "Application.UnitTests\Application.UnitTests.csproj", "{7421931E-7A2B-45BD-BA33-F83817C49F66}"
EndProject
Global
	GlobalSection(SolutionConfigurationPlatforms) = preSolution
		Debug|Any CPU = Debug|Any CPU
		Release|Any CPU = Release|Any CPU
	EndGlobalSection
	GlobalSection(ProjectConfigurationPlatforms) = postSolution
		{6B44CB26-681E-473B-8A44-75AF0717ADE1}.Debug|Any CPU.ActiveCfg = Debug|Any CPU
		{6B44CB26-681E-473B-8A44-75AF0717ADE1}.Debug|Any CPU.Build.0 = Debug|Any CPU
		{6B44CB26-681E-473B-8A44-75AF0717ADE1}.Release|Any CPU.ActiveCfg = Release|Any CPU
		{6B44CB26-681E-473B-8A44-75AF0717ADE1}.Release|Any CPU.Build.0 = Release|Any CPU
		{D782FE57-B79B-4633-81ED-0DE5F637170C}.Debug|Any CPU.ActiveCfg = Debug|Any CPU
		{D782FE57-B79B-4633-81ED-0DE5F637170C}.Debug|Any CPU.Build.0 = Debug|Any CPU
		{D782FE57-B79B-4633-81ED-0DE5F637170C}.Release|Any CPU.ActiveCfg = Release|Any CPU
		{D782FE57-B79B-4633-81ED-0DE5F637170C}.Release|Any CPU.Build.0 = Release|Any CPU
		{99F8E93F-828B-42C3-BD14-5F61EB387C7D}.Debug|Any CPU.ActiveCfg = Debug|Any CPU
		{99F8E93F-828B-42C3-BD14-5F61EB387C7D}.Debug|Any CPU.Build.0 = Debug|Any CPU
		{99F8E93F-828B-42C3-BD14-5F61EB387C7D}.Release|Any CPU.ActiveCfg = Release|Any CPU
		{99F8E93F-828B-42C3-BD14-5F61EB387C7D}.Release|Any CPU.Build.0 = Release|Any CPU
		{0815AA22-E00F-4F62-9737-E85387220FCE}.Debug|Any CPU.ActiveCfg = Debug|Any CPU
		{0815AA22-E00F-4F62-9737-E85387220FCE}.Debug|Any CPU.Build.0 = Debug|Any CPU
		{0815AA22-E00F-4F62-9737-E85387220FCE}.Release|Any CPU.ActiveCfg = Release|Any CPU
		{0815AA22-E00F-4F62-9737-E85387220FCE}.Release|Any CPU.Build.0 = Release|Any CPU
		{C8FB97C4-C9D8-4932-8EFE-582B97E1C144}.Debug|Any CPU.ActiveCfg = Debug|Any CPU
		{C8FB97C4-C9D8-4932-8EFE-582B97E1C144}.Debug|Any CPU.Build.0 = Debug|Any CPU
		{C8FB97C4-C9D8-4932-8EFE-582B97E1C144}.Release|Any CPU.ActiveCfg = Release|Any CPU
		{C8FB97C4-C9D8-4932-8EFE-582B97E1C144}.Release|Any CPU.Build.0 = Release|Any CPU
		{1D138462-56FD-4958-A772-4F6E1E0067E7}.Debug|Any CPU.ActiveCfg = Debug|Any CPU
		{1D138462-56FD-4958-A772-4F6E1E0067E7}.Debug|Any CPU.Build.0 = Debug|Any CPU
		{1D138462-56FD-4958-A772-4F6E1E0067E7}.Release|Any CPU.ActiveCfg = Release|Any CPU
		{1D138462-56FD-4958-A772-4F6E1E0067E7}.Release|Any CPU.Build.0 = Release|Any CPU
		{7421931E-7A2B-45BD-BA33-F83817C49F66}.Debug|Any CPU.ActiveCfg = Debug|Any CPU
		{7421931E-7A2B-45BD-BA33-F83817C49F66}.Debug|Any CPU.Build.0 = Debug|Any CPU
		{7421931E-7A2B-45BD-BA33-F83817C49F66}.Release|Any CPU.ActiveCfg = Release|Any CPU
		{7421931E-7A2B-45BD-BA33-F83817C49F66}.Release|Any CPU.Build.0 = Release|Any CPU
	EndGlobalSection
	GlobalSection(SolutionProperties) = preSolution
		HideSolutionNode = FALSE
	EndGlobalSection
	GlobalSection(NestedProjects) = preSolution
		{6B44CB26-681E-473B-8A44-75AF0717ADE1} = {8BD4C5F7-A687-40FB-BE9A-CAD2A600EFDF}
		{D782FE57-B79B-4633-81ED-0DE5F637170C} = {8BD4C5F7-A687-40FB-BE9A-CAD2A600EFDF}
		{99F8E93F-828B-42C3-BD14-5F61EB387C7D} = {8BD4C5F7-A687-40FB-BE9A-CAD2A600EFDF}
		{0815AA22-E00F-4F62-9737-E85387220FCE} = {8BD4C5F7-A687-40FB-BE9A-CAD2A600EFDF}
		{11F869E8-B293-4C07-84DA-4657AF3FE6A9} = {47FA501F-9EDE-4A2E-85D2-3794413C4213}
		{B99A1339-1C9D-4B41-8307-AF9394FBBB51} = {47FA501F-9EDE-4A2E-85D2-3794413C4213}
		{C8FB97C4-C9D8-4932-8EFE-582B97E1C144} = {11F869E8-B293-4C07-84DA-4657AF3FE6A9}
		{1D138462-56FD-4958-A772-4F6E1E0067E7} = {B99A1339-1C9D-4B41-8307-AF9394FBBB51}
		{7421931E-7A2B-45BD-BA33-F83817C49F66} = {B99A1339-1C9D-4B41-8307-AF9394FBBB51}
	EndGlobalSection
EndGlobal
