
Microsoft Visual Studio Solution File, Format Version 12.00
# Visual Studio 14
VisualStudioVersion = 14.0.23107.0
MinimumVisualStudioVersion = 10.0.40219.1
Project("{FAE04EC0-301F-11D3-BF4B-00C04F79EFBC}") = "Infrastructure", "Logistics\Infrastructure.csproj", "{6B44CB26-681E-473B-8A44-75AF0717ADE1}"
EndProject
Project("{FAE04EC0-301F-11D3-BF4B-00C04F79EFBC}") = "Application", "Application\Application.csproj", "{D782FE57-B79B-4633-81ED-0DE5F637170C}"
EndProject
Project("{FAE04EC0-301F-11D3-BF4B-00C04F79EFBC}") = "Domain", "Domain\Domain.csproj", "{99F8E93F-828B-42C3-BD14-5F61EB387C7D}"
EndProject
Global
	GlobalSection(SolutionConfigurationPlatforms) = preSolution
		Debug|Any CPU = Debug|Any CPU
		Release|Any CPU = Release|Any CPU
	EndGlobalSection
	GlobalSection(ProjectConfigurationPlatforms) = postSolution
		{6B44CB26-681E-473B-8A44-75AF0717ADE1}.Debug|Any CPU.ActiveCfg = Debug|Any CPU
		{6B44CB26-681E-473B-8A44-75AF0717ADE1}.Debug|Any CPU.Build.0 = Debug|Any CPU
		{6B44CB26-681E-473B-8A44-75AF0717ADE1}.Release|Any CPU.ActiveCfg = Release|Any CPU
		{6B44CB26-681E-473B-8A44-75AF0717ADE1}.Release|Any CPU.Build.0 = Release|Any CPU
		{D782FE57-B79B-4633-81ED-0DE5F637170C}.Debug|Any CPU.ActiveCfg = Debug|Any CPU
		{D782FE57-B79B-4633-81ED-0DE5F637170C}.Debug|Any CPU.Build.0 = Debug|Any CPU
		{D782FE57-B79B-4633-81ED-0DE5F637170C}.Release|Any CPU.ActiveCfg = Release|Any CPU
		{D782FE57-B79B-4633-81ED-0DE5F637170C}.Release|Any CPU.Build.0 = Release|Any CPU
		{99F8E93F-828B-42C3-BD14-5F61EB387C7D}.Debug|Any CPU.ActiveCfg = Debug|Any CPU
		{99F8E93F-828B-42C3-BD14-5F61EB387C7D}.Debug|Any CPU.Build.0 = Debug|Any CPU
		{99F8E93F-828B-42C3-BD14-5F61EB387C7D}.Release|Any CPU.ActiveCfg = Release|Any CPU
		{99F8E93F-828B-42C3-BD14-5F61EB387C7D}.Release|Any CPU.Build.0 = Release|Any CPU
	EndGlobalSection
	GlobalSection(SolutionProperties) = preSolution
		HideSolutionNode = FALSE
	EndGlobalSection
EndGlobal
